
Microsoft Visual Studio Solution File, Format Version 12.00
# Visual Studio Version 16
VisualStudioVersion = 16.0.30717.126
MinimumVisualStudioVersion = 10.0.40219.1
Project("{FAE04EC0-301F-11D3-BF4B-00C04F79EFBC}") = "PasswordValidation", "PasswordValidation\PasswordValidation.csproj", "{544E6E76-F71A-4B44-992D-97FFC74847CD}"
EndProject
Global
	GlobalSection(SolutionConfigurationPlatforms) = preSolution
		Debug|Any CPU = Debug|Any CPU
		Release|Any CPU = Release|Any CPU
	EndGlobalSection
	GlobalSection(ProjectConfigurationPlatforms) = postSolution
		{544E6E76-F71A-4B44-992D-97FFC74847CD}.Debug|Any CPU.ActiveCfg = Debug|Any CPU
		{544E6E76-F71A-4B44-992D-97FFC74847CD}.Debug|Any CPU.Build.0 = Debug|Any CPU
		{544E6E76-F71A-4B44-992D-97FFC74847CD}.Release|Any CPU.ActiveCfg = Release|Any CPU
		{544E6E76-F71A-4B44-992D-97FFC74847CD}.Release|Any CPU.Build.0 = Release|Any CPU
	EndGlobalSection
	GlobalSection(SolutionProperties) = preSolution
		HideSolutionNode = FALSE
	EndGlobalSection
	GlobalSection(ExtensibilityGlobals) = postSolution
		SolutionGuid = {B1EB19AC-A3E5-4F69-A689-44432485D552}
	EndGlobalSection
EndGlobal
